// !$*UTF8*$!
{
	archiveVersion = 1;
	classes = {
	};
	objectVersion = 46;
	objects = {

/* Begin PBXBuildFile section */
		36A202981DA270EC001DD812 /* AppDelegate.swift in Sources */ = {isa = PBXBuildFile; fileRef = 36A202971DA270EC001DD812 /* AppDelegate.swift */; };
		36A2029A1DA270EC001DD812 /* ViewController.swift in Sources */ = {isa = PBXBuildFile; fileRef = 36A202991DA270EC001DD812 /* ViewController.swift */; };
		36A2029D1DA270EC001DD812 /* Main.storyboard in Resources */ = {isa = PBXBuildFile; fileRef = 36A2029B1DA270EC001DD812 /* Main.storyboard */; };
		36A2029F1DA270EC001DD812 /* Assets.xcassets in Resources */ = {isa = PBXBuildFile; fileRef = 36A2029E1DA270EC001DD812 /* Assets.xcassets */; };
		36A202A21DA270EC001DD812 /* LaunchScreen.storyboard in Resources */ = {isa = PBXBuildFile; fileRef = 36A202A01DA270EC001DD812 /* LaunchScreen.storyboard */; };
/* End PBXBuildFile section */

/* Begin PBXFileReference section */
		36A202941DA270EC001DD812 /* MKCircle.app */ = {isa = PBXFileReference; explicitFileType = wrapper.application; includeInIndex = 0; path = MKCircle.app; sourceTree = BUILT_PRODUCTS_DIR; };
		36A202971DA270EC001DD812 /* AppDelegate.swift */ = {isa = PBXFileReference; lastKnownFileType = sourcecode.swift; path = AppDelegate.swift; sourceTree = "<group>"; };
		36A202991DA270EC001DD812 /* ViewController.swift */ = {isa = PBXFileReference; lastKnownFileType = sourcecode.swift; path = ViewController.swift; sourceTree = "<group>"; };
		36A2029C1DA270EC001DD812 /* Base */ = {isa = PBXFileReference; lastKnownFileType = file.storyboard; name = Base; path = Base.lproj/Main.storyboard; sourceTree = "<group>"; };
		36A2029E1DA270EC001DD812 /* Assets.xcassets */ = {isa = PBXFileReference; lastKnownFileType = folder.assetcatalog; path = Assets.xcassets; sourceTree = "<group>"; };
		36A202A11DA270EC001DD812 /* Base */ = {isa = PBXFileReference; lastKnownFileType = file.storyboard; name = Base; path = Base.lproj/LaunchScreen.storyboard; sourceTree = "<group>"; };
		36A202A31DA270EC001DD812 /* Info.plist */ = {isa = PBXFileReference; lastKnownFileType = text.plist.xml; path = Info.plist; sourceTree = "<group>"; };
/* End PBXFileReference section */

/* Begin PBXFrameworksBuildPhase section */
		36A202911DA270EC001DD812 /* Frameworks */ = {
			isa = PBXFrameworksBuildPhase;
			buildActionMask = 2147483647;
			files = (
			);
			runOnlyForDeploymentPostprocessing = 0;
		};
/* End PBXFrameworksBuildPhase section */

/* Begin PBXGroup section */
		36A2028B1DA270EC001DD812 = {
			isa = PBXGroup;
			children = (
				36A202961DA270EC001DD812 /* MKCircle */,
				36A202951DA270EC001DD812 /* Products */,
			);
			sourceTree = "<group>";
		};
		36A202951DA270EC001DD812 /* Products */ = {
			isa = PBXGroup;
			children = (
				36A202941DA270EC001DD812 /* MKCircle.app */,
			);
			name = Products;
			sourceTree = "<group>";
		};
		36A202961DA270EC001DD812 /* MKCircle */ = {
			isa = PBXGroup;
			children = (
				36A202971DA270EC001DD812 /* AppDelegate.swift */,
				36A202991DA270EC001DD812 /* ViewController.swift */,
				36A2029B1DA270EC001DD812 /* Main.storyboard */,
				36A2029E1DA270EC001DD812 /* Assets.xcassets */,
				36A202A01DA270EC001DD812 /* LaunchScreen.storyboard */,
				36A202A31DA270EC001DD812 /* Info.plist */,
			);
			path = MKCircle;
			sourceTree = "<group>";
		};
/* End PBXGroup section */

/* Begin PBXNativeTarget section */
		36A202931DA270EC001DD812 /* MKCircle */ = {
			isa = PBXNativeTarget;
			buildConfigurationList = 36A202A61DA270EC001DD812 /* Build configuration list for PBXNativeTarget "MKCircle" */;
			buildPhases = (
				36A202901DA270EC001DD812 /* Sources */,
				36A202911DA270EC001DD812 /* Frameworks */,
				36A202921DA270EC001DD812 /* Resources */,
			);
			buildRules = (
			);
			dependencies = (
			);
			name = MKCircle;
			productName = MKCircle;
			productReference = 36A202941DA270EC001DD812 /* MKCircle.app */;
			productType = "com.apple.product-type.application";
		};
/* End PBXNativeTarget section */

/* Begin PBXProject section */
		36A2028C1DA270EC001DD812 /* Project object */ = {
			isa = PBXProject;
			attributes = {
				LastSwiftUpdateCheck = 0730;
				LastUpgradeCheck = 0730;
				ORGANIZATIONNAME = Hank;
				TargetAttributes = {
					36A202931DA270EC001DD812 = {
						CreatedOnToolsVersion = 7.3.1;
					};
				};
			};
			buildConfigurationList = 36A2028F1DA270EC001DD812 /* Build configuration list for PBXProject "MKCircle" */;
			compatibilityVersion = "Xcode 3.2";
			developmentRegion = English;
			hasScannedForEncodings = 0;
			knownRegions = (
				en,
				Base,
			);
			mainGroup = 36A2028B1DA270EC001DD812;
			productRefGroup = 36A202951DA270EC001DD812 /* Products */;
			projectDirPath = "";
			projectRoot = "";
			targets = (
				36A202931DA270EC001DD812 /* MKCircle */,
			);
		};
/* End PBXProject section */

/* Begin PBXResourcesBuildPhase section */
		36A202921DA270EC001DD812 /* Resources */ = {
			isa = PBXResourcesBuildPhase;
			buildActionMask = 2147483647;
			files = (
				36A202A21DA270EC001DD812 /* LaunchScreen.storyboard in Resources */,
				36A2029F1DA270EC001DD812 /* Assets.xcassets in Resources */,
				36A2029D1DA270EC001DD812 /* Main.storyboard in Resources */,
			);
			runOnlyForDeploymentPostprocessing = 0;
		};
/* End PBXResourcesBuildPhase section */

/* Begin PBXSourcesBuildPhase section */
		36A202901DA270EC001DD812 /* Sources */ = {
			isa = PBXSourcesBuildPhase;
			buildActionMask = 2147483647;
			files = (
				36A2029A1DA270EC001DD812 /* ViewController.swift in Sources */,
				36A202981DA270EC001DD812 /* AppDelegate.swift in Sources */,
			);
			runOnlyForDeploymentPostprocessing = 0;
		};
/* End PBXSourcesBuildPhase section */

/* Begin PBXVariantGroup section */
		36A2029B1DA270EC001DD812 /* Main.storyboard */ = {
			isa = PBXVariantGroup;
			children = (
				36A2029C1DA270EC001DD812 /* Base */,
			);
			name = Main.storyboard;
			sourceTree = "<group>";
		};
		36A202A01DA270EC001DD812 /* LaunchScreen.storyboard */ = {
			isa = PBXVariantGroup;
			children = (
				36A202A11DA270EC001DD812 /* Base */,
			);
			name = LaunchScreen.storyboard;
			sourceTree = "<group>";
		};
/* End PBXVariantGroup section */

/* Begin XCBuildConfiguration section */
		36A202A41DA270EC001DD812 /* Debug */ = {
			isa = XCBuildConfiguration;
			buildSettings = {
				ALWAYS_SEARCH_USER_PATHS = NO;
				CLANG_ANALYZER_NONNULL = YES;
				CLANG_CXX_LANGUAGE_STANDARD = "gnu++0x";
				CLANG_CXX_LIBRARY = "libc++";
				CLANG_ENABLE_MODULES = YES;
				CLANG_ENABLE_OBJC_ARC = YES;
				CLANG_WARN_BOOL_CONVERSION = YES;
				CLANG_WARN_CONSTANT_CONVERSION = YES;
				CLANG_WARN_DIRECT_OBJC_ISA_USAGE = YES_ERROR;
				CLANG_WARN_EMPTY_BODY = YES;
				CLANG_WARN_ENUM_CONVERSION = YES;
				CLANG_WARN_INT_CONVERSION = YES;
				CLANG_WARN_OBJC_ROOT_CLASS = YES_ERROR;
				CLANG_WARN_UNREACHABLE_CODE = YES;
				CLANG_WARN__DUPLICATE_METHOD_MATCH = YES;
				"CODE_SIGN_IDENTITY[sdk=iphoneos*]" = "iPhone Developer";
				COPY_PHASE_STRIP = NO;
				DEBUG_INFORMATION_FORMAT = dwarf;
				ENABLE_STRICT_OBJC_MSGSEND = YES;
				ENABLE_TESTABILITY = YES;
				GCC_C_LANGUAGE_STANDARD = gnu99;
				GCC_DYNAMIC_NO_PIC = NO;
				GCC_NO_COMMON_BLOCKS = YES;
				GCC_OPTIMIZATION_LEVEL = 0;
				GCC_PREPROCESSOR_DEFINITIONS = (
					"DEBUG=1",
					"$(inherited)",
				);
				GCC_WARN_64_TO_32_BIT_CONVERSION = YES;
				GCC_WARN_ABOUT_RETURN_TYPE = YES_ERROR;
				GCC_WARN_UNDECLARED_SELECTOR = YES;
				GCC_WARN_UNINITIALIZED_AUTOS = YES_AGGRESSIVE;
				GCC_WARN_UNUSED_FUNCTION = YES;
				GCC_WARN_UNUSED_VARIABLE = YES;
				IPHONEOS_DEPLOYMENT_TARGET = 9.3;
				MTL_ENABLE_DEBUG_INFO = YES;
				ONLY_ACTIVE_ARCH = YES;
				SDKROOT = iphoneos;
				SWIFT_OPTIMIZATION_LEVEL = "-Onone";
				TARGETED_DEVICE_FAMILY = "1,2";
			};
			name = Debug;
		};
		36A202A51DA270EC001DD812 /* Release */ = {
			isa = XCBuildConfiguration;
			buildSettings = {
				ALWAYS_SEARCH_USER_PATHS = NO;
				CLANG_ANALYZER_NONNULL = YES;
				CLANG_CXX_LANGUAGE_STANDARD = "gnu++0x";
				CLANG_CXX_LIBRARY = "libc++";
				CLANG_ENABLE_MODULES = YES;
				CLANG_ENABLE_OBJC_ARC = YES;
				CLANG_WARN_BOOL_CONVERSION = YES;
				CLANG_WARN_CONSTANT_CONVERSION = YES;
				CLANG_WARN_DIRECT_OBJC_ISA_USAGE = YES_ERROR;
				CLANG_WARN_EMPTY_BODY = YES;
				CLANG_WARN_ENUM_CONVERSION = YES;
				CLANG_WARN_INT_CONVERSION = YES;
				CLANG_WARN_OBJC_ROOT_CLASS = YES_ERROR;
				CLANG_WARN_UNREACHABLE_CODE = YES;
				CLANG_WARN__DUPLICATE_METHOD_MATCH = YES;
				"CODE_SIGN_IDENTITY[sdk=iphoneos*]" = "iPhone Developer";
				COPY_PHASE_STRIP = NO;
				DEBUG_INFORMATION_FORMAT = "dwarf-with-dsym";
				ENABLE_NS_ASSERTIONS = NO;
				ENABLE_STRICT_OBJC_MSGSEND = YES;
				GCC_C_LANGUAGE_STANDARD = gnu99;
				GCC_NO_COMMON_BLOCKS = YES;
				GCC_WARN_64_TO_32_BIT_CONVERSION = YES;
				GCC_WARN_ABOUT_RETURN_TYPE = YES_ERROR;
				GCC_WARN_UNDECLARED_SELECTOR = YES;
				GCC_WARN_UNINITIALIZED_AUTOS = YES_AGGRESSIVE;
				GCC_WARN_UNUSED_FUNCTION = YES;
				GCC_WARN_UNUSED_VARIABLE = YES;
				IPHONEOS_DEPLOYMENT_TARGET = 9.3;
				MTL_ENABLE_DEBUG_INFO = NO;
				SDKROOT = iphoneos;
				TARGETED_DEVICE_FAMILY = "1,2";
				VALIDATE_PRODUCT = YES;
			};
			name = Release;
		};
		36A202A71DA270EC001DD812 /* Debug */ = {
			isa = XCBuildConfiguration;
			buildSettings = {
				ASSETCATALOG_COMPILER_APPICON_NAME = AppIcon;
				INFOPLIST_FILE = MKCircle/Info.plist;
				LD_RUNPATH_SEARCH_PATHS = "$(inherited) @executable_path/Frameworks";
				PRODUCT_BUNDLE_IDENTIFIER = Hank.MKCircle;
				PRODUCT_NAME = "$(TARGET_NAME)";
			};
			name = Debug;
		};
		36A202A81DA270EC001DD812 /* Release */ = {
			isa = XCBuildConfiguration;
			buildSettings = {
				ASSETCATALOG_COMPILER_APPICON_NAME = AppIcon;
				INFOPLIST_FILE = MKCircle/Info.plist;
				LD_RUNPATH_SEARCH_PATHS = "$(inherited) @executable_path/Frameworks";
				PRODUCT_BUNDLE_IDENTIFIER = Hank.MKCircle;
				PRODUCT_NAME = "$(TARGET_NAME)";
			};
			name = Release;
		};
/* End XCBuildConfiguration section */

/* Begin XCConfigurationList section */
		36A2028F1DA270EC001DD812 /* Build configuration list for PBXProject "MKCircle" */ = {
			isa = XCConfigurationList;
			buildConfigurations = (
				36A202A41DA270EC001DD812 /* Debug */,
				36A202A51DA270EC001DD812 /* Release */,
			);
			defaultConfigurationIsVisible = 0;
			defaultConfigurationName = Release;
		};
		36A202A61DA270EC001DD812 /* Build configuration list for PBXNativeTarget "MKCircle" */ = {
			isa = XCConfigurationList;
			buildConfigurations = (
				36A202A71DA270EC001DD812 /* Debug */,
				36A202A81DA270EC001DD812 /* Release */,
			);
			defaultConfigurationIsVisible = 0;
		};
/* End XCConfigurationList section */
	};
	rootObject = 36A2028C1DA270EC001DD812 /* Project object */;
}
